{
    "_meta": {
        "hash": {
            "sha256": "be7cd8b577467327e65af6b1e587d59506f77dbd9acfc053ac91dd7c0bc9a035"
        },
        "pipfile-spec": 6,
        "requires": {
            "python_version": "2.7"
        },
        "sources": [
            {
                "name": "pypi",
                "url": "https://pypi.org/simple",
                "verify_ssl": true
            }
        ]
    },
    "default": {
        "adal": {
            "hashes": [
                "sha256:2a7451ed7441ddbc57703042204a3e30ef747478eea022c70f789fc7f084bc3d",
                "sha256:d74f45b81317454d96e982fd1c50e6fb5c99ac2223728aea8764433a39f566f1"
            ],
            "version": "==1.2.7"
        },
        "azure-common": {
            "hashes": [
                "sha256:426673962740dbe9aab052a4b52df39c07767decd3f25fdc87c9d4c566a04934",
                "sha256:9f3f5d991023acbd93050cf53c4e863c6973ded7e236c69e99c8ff5c7bad41ef"
            ],
            "version": "==1.1.27"
        },
        "azure-nspkg": {
            "hashes": [
                "sha256:1d0bbb2157cf57b1bef6c8c8e5b41133957364456c43b0a43599890023cca0a8",
                "sha256:31a060caca00ed1ebd369fc7fe01a56768c927e404ebc92268f4d9d636435e28",
                "sha256:e7d3cea6af63e667d87ba1ca4f8cd7cb4dfca678e4c55fc1cedb320760e39dd0"
            ],
            "markers": "python_version < '3.0'",
            "version": "==3.0.2"
        },
        "azure-servicebus": {
            "hashes": [
                "sha256:41c4eb6ff744ab2edd6f97b4d6356b9434454743485f511de8a7f1b72c4df4b6",
                "sha256:836649d510aa2b7467bc87d8dab18f2db917b63aa2fe8f3e5d0bb44011e465f5"
            ],
            "index": "pypi",
            "version": "==0.50.2"
        },
        "certifi": {
            "hashes": [
                "sha256:1a4995114262bffbc2413b159f2a1a480c969de6e6eb13ee966d470af86af59c",
                "sha256:719a74fb9e33b9bd44cc7f3a8d94bc35e4049deebe19ba7d8e108280cfd59830"
            ],
            "version": "==2020.12.5"
        },
        "cffi": {
            "hashes": [
                "sha256:005a36f41773e148deac64b08f233873a4d0c18b053d37da83f6af4d9087b813",
                "sha256:0857f0ae312d855239a55c81ef453ee8fd24136eaba8e87a2eceba644c0d4c06",
                "sha256:1071534bbbf8cbb31b498d5d9db0f274f2f7a865adca4ae429e147ba40f73dea",
                "sha256:158d0d15119b4b7ff6b926536763dc0714313aa59e320ddf787502c70c4d4bee",
                "sha256:1f436816fc868b098b0d63b8920de7d208c90a67212546d02f84fe78a9c26396",
                "sha256:2894f2df484ff56d717bead0a5c2abb6b9d2bf26d6960c4604d5c48bbc30ee73",
                "sha256:29314480e958fd8aab22e4a58b355b629c59bf5f2ac2492b61e3dc06d8c7a315",
                "sha256:34eff4b97f3d982fb93e2831e6750127d1355a923ebaeeb565407b3d2f8d41a1",
                "sha256:35f27e6eb43380fa080dccf676dece30bef72e4a67617ffda586641cd4508d49",
                "sha256:3d3dd4c9e559eb172ecf00a2a7517e97d1e96de2a5e610bd9b68cea3925b4892",
                "sha256:43e0b9d9e2c9e5d152946b9c5fe062c151614b262fda2e7b201204de0b99e482",
                "sha256:48e1c69bbacfc3d932221851b39d49e81567a4d4aac3b21258d9c24578280058",
                "sha256:51182f8927c5af975fece87b1b369f722c570fe169f9880764b1ee3bca8347b5",
                "sha256:58e3f59d583d413809d60779492342801d6e82fefb89c86a38e040c16883be53",
                "sha256:5de7970188bb46b7bf9858eb6890aad302577a5f6f75091fd7cdd3ef13ef3045",
                "sha256:65fa59693c62cf06e45ddbb822165394a288edce9e276647f0046e1ec26920f3",
                "sha256:69e395c24fc60aad6bb4fa7e583698ea6cc684648e1ffb7fe85e3c1ca131a7d5",
                "sha256:6c97d7350133666fbb5cf4abdc1178c812cb205dc6f41d174a7b0f18fb93337e",
                "sha256:6e4714cc64f474e4d6e37cfff31a814b509a35cb17de4fb1999907575684479c",
                "sha256:72d8d3ef52c208ee1c7b2e341f7d71c6fd3157138abf1a95166e6165dd5d4369",
                "sha256:8ae6299f6c68de06f136f1f9e69458eae58f1dacf10af5c17353eae03aa0d827",
                "sha256:8b198cec6c72df5289c05b05b8b0969819783f9418e0409865dac47288d2a053",
                "sha256:99cd03ae7988a93dd00bcd9d0b75e1f6c426063d6f03d2f90b89e29b25b82dfa",
                "sha256:9cf8022fb8d07a97c178b02327b284521c7708d7c71a9c9c355c178ac4bbd3d4",
                "sha256:9de2e279153a443c656f2defd67769e6d1e4163952b3c622dcea5b08a6405322",
                "sha256:9e93e79c2551ff263400e1e4be085a1210e12073a31c2011dbbda14bda0c6132",
                "sha256:9ff227395193126d82e60319a673a037d5de84633f11279e336f9c0f189ecc62",
                "sha256:a465da611f6fa124963b91bf432d960a555563efe4ed1cc403ba5077b15370aa",
                "sha256:ad17025d226ee5beec591b52800c11680fca3df50b8b29fe51d882576e039ee0",
                "sha256:afb29c1ba2e5a3736f1c301d9d0abe3ec8b86957d04ddfa9d7a6a42b9367e396",
                "sha256:b85eb46a81787c50650f2392b9b4ef23e1f126313b9e0e9013b35c15e4288e2e",
                "sha256:bb89f306e5da99f4d922728ddcd6f7fcebb3241fc40edebcb7284d7514741991",
                "sha256:cbde590d4faaa07c72bf979734738f328d239913ba3e043b1e98fe9a39f8b2b6",
                "sha256:cd2868886d547469123fadc46eac7ea5253ea7fcb139f12e1dfc2bbd406427d1",
                "sha256:d42b11d692e11b6634f7613ad8df5d6d5f8875f5d48939520d351007b3c13406",
                "sha256:f2d45f97ab6bb54753eab54fffe75aaf3de4ff2341c9daee1987ee1837636f1d",
                "sha256:fd78e5fee591709f32ef6edb9a015b4aa1a5022598e36227500c8f4e02328d9c"
            ],
            "version": "==1.14.5"
        },
        "chardet": {
            "hashes": [
                "sha256:84ab92ed1c4d4f16916e05906b6b75a6c0fb5db821cc65e70cbd64a3e2a5eaae",
                "sha256:fc323ffcaeaed0e0a02bf4d117757b98aed530d9ed4531e3e15460124c106691"
            ],
            "version": "==3.0.4"
        },
        "cryptography": {
            "hashes": [
                "sha256:0d7b69674b738068fa6ffade5c962ecd14969690585aaca0a1b1fc9058938a72",
                "sha256:1bd0ccb0a1ed775cd7e2144fe46df9dc03eefd722bbcf587b3e0616ea4a81eff",
                "sha256:3c284fc1e504e88e51c428db9c9274f2da9f73fdf5d7e13a36b8ecb039af6e6c",
                "sha256:49570438e60f19243e7e0d504527dd5fe9b4b967b5a1ff21cc12b57602dd85d3",
                "sha256:541dd758ad49b45920dda3b5b48c968f8b2533d8981bcdb43002798d8f7a89ed",
                "sha256:5a60d3780149e13b7a6ff7ad6526b38846354d11a15e21068e57073e29e19bed",
                "sha256:7951a966613c4211b6612b0352f5bf29989955ee592c4a885d8c7d0f830d0433",
                "sha256:922f9602d67c15ade470c11d616f2b2364950602e370c76f0c94c94ae672742e",
                "sha256:a0f0b96c572fc9f25c3f4ddbf4688b9b38c69836713fb255f4a2715d93cbaf44",
                "sha256:a777c096a49d80f9d2979695b835b0f9c9edab73b59e4ceb51f19724dda887ed",
                "sha256:a9a4ac9648d39ce71c2f63fe7dc6db144b9fa567ddfc48b9fde1b54483d26042",
                "sha256:aa4969f24d536ae2268c902b2c3d62ab464b5a66bcb247630d208a79a8098e9b",
                "sha256:c7390f9b2119b2b43160abb34f63277a638504ef8df99f11cb52c1fda66a2e6f",
                "sha256:e18e6ab84dfb0ab997faf8cca25a86ff15dfea4027b986322026cc99e0a892da"
            ],
            "version": "==3.3.2"
        },
        "enum34": {
            "hashes": [
                "sha256:a98a201d6de3f2ab3db284e70a33b0f896fbf35f8086594e8c9e74b909058d53",
                "sha256:c3858660960c984d6ab0ebad691265180da2b43f07e061c0f8dca9ef3cffd328",
                "sha256:cce6a7477ed816bd2542d03d53db9f0db935dd013b70f336a95c73979289f248"
            ],
            "markers": "python_version < '3.4'",
            "version": "==1.1.10"
        },
        "futures": {
            "hashes": [
                "sha256:49b3f5b064b6e3afc3316421a3f25f66c137ae88f068abbf72830170033c5e16",
                "sha256:7e033af76a5e35f58e56da7a91e687706faf4e7bdfb2cbc3f2cca6b9bcda9794"
            ],
            "markers": "python_version < '3.0'",
            "version": "==3.3.0"
        },
        "idna": {
            "hashes": [
                "sha256:c357b3f628cf53ae2c4c05627ecc484553142ca23264e593d327bcde5e9c3407",
                "sha256:ea8b7f6188e6fa117537c3df7da9fc686d485087abf6ac197f9c46432f7e4a3c"
            ],
            "version": "==2.8"
        },
        "ipaddress": {
            "hashes": [
                "sha256:6e0f4a39e66cb5bb9a137b00276a2eff74f93b71dcbdad6f10ff7df9d3557fcc",
                "sha256:b7f8e0369580bb4a24d5ba1d7cc29660a4a6987763faf1d8a8046830e020e7e2"
            ],
            "markers": "python_version < '3'",
            "version": "==1.0.23"
        },
        "isodate": {
            "hashes": [
                "sha256:2e364a3d5759479cdb2d37cce6b9376ea504db2ff90252a2e5b7cc89cc9ff2d8",
                "sha256:aa4d33c06640f5352aca96e4b81afd8ab3b47337cc12089822d6f322ac772c81"
            ],
            "version": "==0.6.0"
        },
        "msrest": {
            "hashes": [
                "sha256:72661bc7bedc2dc2040e8f170b6e9ef226ee6d3892e01affd4d26b06474d68d8",
                "sha256:c840511c845330e96886011a236440fafc2c9aff7b2df9c0a92041ee2dee3782"
            ],
            "version": "==0.6.21"
        },
        "msrestazure": {
            "hashes": [
                "sha256:3de50f56147ef529b31e099a982496690468ecef33f0544cb0fa0cfe1e1de5b9",
                "sha256:a06f0dabc9a6f5efe3b6add4bd8fb623aeadacf816b7a35b0f89107e0544d189"
            ],
            "version": "==0.6.4"
        },
        "oauthlib": {
            "hashes": [
                "sha256:bee41cc35fcca6e988463cacc3bcb8a96224f470ca547e697b604cc697b2f889",
                "sha256:df884cd6cbe20e32633f1db1072e9356f53638e4361bef4e8b03c9127c9328ea"
            ],
            "version": "==3.1.0"
        },
        "pycparser": {
            "hashes": [
                "sha256:2d475327684562c3a96cc71adf7dc8c4f0565175cf86b6d7a404ff4c771f15f0",
                "sha256:7582ad22678f0fcd81102833f60ef8d0e57288b6b5fb00323d101be910e35705"
            ],
            "version": "==2.20"
        },
        "pyjwt": {
            "hashes": [
                "sha256:5c6eca3c2940464d106b99ba83b00c6add741c9becaec087fb7ccdefea71350e",
                "sha256:8d59a976fb773f3e6a39c85636357c4f0e242707394cadadd9814f5cbaa20e96"
            ],
            "version": "==1.7.1"
        },
        "python-dateutil": {
            "hashes": [
                "sha256:73ebfe9dbf22e832286dafa60473e4cd239f8592f699aa5adaf10050e6e1823c",
                "sha256:75bb3f31ea686f1197762692a9ee6a7550b59fc6ca3a1f4b5d7e32fb98e2da2a"
            ],
            "version": "==2.8.1"
        },
        "requests": {
            "hashes": [
                "sha256:11e007a8a2aa0323f5a921e9e6a2d7e4e67d9877e85773fba9ba6419025cbeb4",
                "sha256:9cf5292fcd0f598c671cfc1e0d7d1a7f13bb8085e9a590f48c010551dc6c4b31"
            ],
            "index": "pypi",
            "version": "==2.22.0"
        },
        "requests-oauthlib": {
            "hashes": [
                "sha256:7f71572defaecd16372f9006f33c2ec8c077c3cfa6f5911a9a90202beb513f3d",
                "sha256:b4261601a71fd721a8bd6d7aa1cc1d6a8a93b4a9f5e96626f8e4d91e8beeaa6a"
            ],
            "version": "==1.3.0"
        },
        "six": {
            "hashes": [
                "sha256:30639c035cdb23534cd4aa2dd52c3bf48f06e5f4a941509c8bafd8ce11080259",
                "sha256:8b74bedcbbbaca38ff6d7491d76f2b06b3592611af620f8426e82dddb04a5ced"
            ],
            "version": "==1.15.0"
        },
        "typing": {
            "hashes": [
                "sha256:1187fb9c82fd670d10aa07bbb6cfcfe4bdda42d6fab8d5134f04e8c4d0b71cc9",
                "sha256:283d868f5071ab9ad873e5e52268d611e851c870a2ba354193026f2dfb29d8b5"
            ],
            "markers": "python_version < '3.5'",
            "version": "==3.7.4.3"
        },
        "uamqp": {
            "hashes": [
                "sha256:0bcf9f7ff14b9c9dd8d14440aec3085627bf81c952e25c87be7503382e7311b5",
                "sha256:154791cd1a41152d70e552ca8638e899a057cf775933f9f3d63d0a44a11269c2",
                "sha256:169a3aa9e2af96629a074a63d93e60d2835d94f0bcb0ec9c3c07fca6cf86f7cf",
                "sha256:19a2c9747244928f234d76caa2c11abc70b773c802bdc7811cb46d652a1bf36c",
                "sha256:253c061e88f34c53088453d3d9592170920e87b514d3a2d8fac4ec32aabfa31c",
                "sha256:2daa6d4d545cca504c436d5cb143000683dc2c7d5751c61e996eef8530e33cd9",
                "sha256:2dac012f1ac5f28f11b9ebebfc4dd1bd81b30786e6cb5488d30b587f74204a4b",
                "sha256:3334909875a97a1e95bfecf2a7fe1c33a8910c70a268e61d119943a64802db6d",
                "sha256:35e4cb705d1d077cb558e3ec848478dbfd2dcaed4ff26dee3111e62c2e350a6a",
                "sha256:3a9fca1b309068f0dd70f0a941b797558affafb5d4973c8ec9d10ad173297b6d",
                "sha256:5231dfda8f33dae9ad336eca79c7a2d0cf5aab71a44ce2cd2963439861850806",
                "sha256:5343230dafeb36a57a8088eecafe4d275acb80550202a92f4cfb82e3f05e29aa",
                "sha256:565e57cb6a3d47502bbd41d1b901b5c6d6f89a58737697f9c0315bab924547a4",
                "sha256:6f610b1e1a2e930312c920286966a22ababe59dc3c7f747353a78f84da8ff7d2",
                "sha256:855c35ad751afbd0010b4ab6543104125b7bd854d622d03b9c5e5e2641ce5b8b",
                "sha256:9b3bd53b636589899ead43a52b8242f7fdf5c19b01ec60929e2e5ee44c776769",
                "sha256:9e19517cbbd1d112221337dbdf445cdf1dfba44eeeefcc40459f26c20422ffed",
                "sha256:a17ad690057a06819c3d1ad61cf00d158f80bf7c588fd71b8a9f039ae262c1d9",
                "sha256:a805499d9e984ecde5379a321fc1606da2822f931e50706bb900897386b2a955",
                "sha256:aa85f35269b290b7c41e49c71fa4a1be09101f6b783ba29bada826d55739572b",
                "sha256:b1843b061aff1f66329eefc3f91934e7ec86f05b7c02e7e71c2384cb584a173f",
                "sha256:bde13003abcc98dd2c4615755f2a310c201ed6b613c9a873bbae80f2261825c9",
                "sha256:c0647d9cf31f00739008c5b3ce781d98451dfd9319c13b265deb05f6bb76802e",
                "sha256:ceaa44f299ce61bcb187c36ed09fcd08446877140824754c0d1a52cf99d30c56",
                "sha256:d0aa4edd4a64b5aea2d7fe006f816bb0fb1b96bf66b673cfcc4fd37784a5e662",
                "sha256:d3b902e747e6e2f57b09faeffae2492337d857e6aaa1058387dacc272e9e7f95",
                "sha256:d465cac3ea073b8baac9149a1fcc7379730085b8845290b91ea002e808cda5d7",
                "sha256:db0b2616233fb6c7ebe9146eead828beb524c7ec18f477dd45cb8ca19de1ba87",
                "sha256:e7648198070b30120a69e01b8b063bce295b0c802132c209472f557d7c2a44e6",
                "sha256:e7ac36195f7186a98eb0a12be77674bb268f9b72c535b3a3fdc88e1072a34f60",
                "sha256:fbf2b98252b252c7b866617c07c99d7386d4aac4632b07e2f84d33afb140e9aa",
                "sha256:fc3f29433a8fb461c84241c32e65d2508276d034a85f9ccdaeb1f6aa3886e2ed",
                "sha256:feb3085e429d603c4028a241d2b152fd12f3f7236588aa866c31d08ea62ff0be"
            ],
            "version": "==1.3.0"
        },
        "urllib3": {
            "hashes": [
                "sha256:2f3db8b19923a873b3e5256dc9c2dedfa883e33d87c690d9c7913e1f40673cdc",
                "sha256:87716c2d2a7121198ebcb7ce7cccf6ce5e9ba539041cfbaeecfb641dc0bf6acc"
            ],
            "index": "pypi",
            "version": "==1.25.8"
        }
    },
    "develop": {
        "autopep8": {
            "hashes": [
                "sha256:4d8eec30cc81bc5617dbf1218201d770dc35629363547f17577c61683ccfb3ee"
            ],
            "index": "pypi",
            "version": "==1.4.4"
        },
        "pycodestyle": {
            "hashes": [
                "sha256:514f76d918fcc0b55c6680472f0a37970994e07bbb80725808c17089be302068",
                "sha256:c389c1d06bf7904078ca03399a4816f974a1d590090fecea0c63ec26ebaf1cef"
            ],
            "version": "==2.7.0"
        },
        "rope": {
            "hashes": [
                "sha256:52423a7eebb5306a6d63bdc91a7c657db51ac9babfb8341c9a1440831ecf3203",
                "sha256:ae1fa2fd56f64f4cc9be46493ce54bed0dd12dee03980c61a4393d89d84029ad",
                "sha256:d2830142c2e046f5fc26a022fe680675b6f48f81c7fc1f03a950706e746e9dfe"
            ],
            "index": "pypi",
            "version": "==0.16.0"
        },
        "yapf": {
            "hashes": [
                "sha256:712e23c468506bf12cadd10169f852572ecc61b266258422d45aaf4ad7ef43de",
                "sha256:cad8a272c6001b3401de3278238fdc54997b6c2e56baa751788915f879a52fca"
            ],
            "index": "pypi",
            "version": "==0.29.0"
        }
    }
}
